// !$*UTF8*$!
{
	archiveVersion = 1;
	classes = {
	};
	objectVersion = 77;
	objects = {

/* Begin PBXContainerItemProxy section */
		99C7907D2F79CB8600860113 /* PBXContainerItemProxy */ = {
			isa = PBXContainerItemProxy;
			containerPortal = 99C790672F79CB8500860113 /* Project object */;
			proxyType = 1;
			remoteGlobalIDString = 99C7906E2F79CB8500860113;
			remoteInfo = ChineseTranditionalCalendarUIExample;
		};
		99C790872F79CB8600860113 /* PBXContainerItemProxy */ = {
			isa = PBXContainerItemProxy;
			containerPortal = 99C790672F79CB8500860113 /* Project object */;
			proxyType = 1;
			remoteGlobalIDString = 99C7906E2F79CB8500860113;
			remoteInfo = ChineseTranditionalCalendarUIExample;
		};
/* End PBXContainerItemProxy section */

/* Begin PBXFileReference section */
		99C7906F2F79CB8500860113 /* ChineseTranditionalCalendarUIExample.app */ = {isa = PBXFileReference; explicitFileType = wrapper.application; includeInIndex = 0; path = ChineseTranditionalCalendarUIExample.app; sourceTree = BUILT_PRODUCTS_DIR; };
		99C7907C2F79CB8600860113 /* ChineseTranditionalCalendarUIExampleTests.xctest */ = {isa = PBXFileReference; explicitFileType = wrapper.cfbundle; includeInIndex = 0; path = ChineseTranditionalCalendarUIExampleTests.xctest; sourceTree = BUILT_PRODUCTS_DIR; };
		99C790862F79CB8600860113 /* ChineseTranditionalCalendarUIExampleUITests.xctest */ = {isa = PBXFileReference; explicitFileType = wrapper.cfbundle; includeInIndex = 0; path = ChineseTranditionalCalendarUIExampleUITests.xctest; sourceTree = BUILT_PRODUCTS_DIR; };
/* End PBXFileReference section */

/* Begin PBXFileSystemSynchronizedRootGroup section */
		99C790712F79CB8500860113 /* ChineseTranditionalCalendarUIExample */ = {
			isa = PBXFileSystemSynchronizedRootGroup;
			path = ChineseTranditionalCalendarUIExample;
			sourceTree = "<group>";
		};
		99C7907F2F79CB8600860113 /* ChineseTranditionalCalendarUIExampleTests */ = {
			isa = PBXFileSystemSynchronizedRootGroup;
			path = ChineseTranditionalCalendarUIExampleTests;
			sourceTree = "<group>";
		};
		99C790892F79CB8600860113 /* ChineseTranditionalCalendarUIExampleUITests */ = {
			isa = PBXFileSystemSynchronizedRootGroup;
			path = ChineseTranditionalCalendarUIExampleUITests;
			sourceTree = "<group>";
		};
/* End PBXFileSystemSynchronizedRootGroup section */

/* Begin PBXFrameworksBuildPhase section */
		99C7906C2F79CB8500860113 /* Frameworks */ = {
			isa = PBXFrameworksBuildPhase;
			buildActionMask = 2147483647;
			files = (
			);
			runOnlyForDeploymentPostprocessing = 0;
		};
		99C790792F79CB8600860113 /* Frameworks */ = {
			isa = PBXFrameworksBuildPhase;
			buildActionMask = 2147483647;
			files = (
			);
			runOnlyForDeploymentPostprocessing = 0;
		};
		99C790832F79CB8600860113 /* Frameworks */ = {
			isa = PBXFrameworksBuildPhase;
			buildActionMask = 2147483647;
			files = (
			);
			runOnlyForDeploymentPostprocessing = 0;
		};
/* End PBXFrameworksBuildPhase section */

/* Begin PBXGroup section */
		99C790662F79CB8500860113 = {
			isa = PBXGroup;
			children = (
				99C790712F79CB8500860113 /* ChineseTranditionalCalendarUIExample */,
				99C7907F2F79CB8600860113 /* ChineseTranditionalCalendarUIExampleTests */,
				99C790892F79CB8600860113 /* ChineseTranditionalCalendarUIExampleUITests */,
				99C790702F79CB8500860113 /* Products */,
			);
			sourceTree = "<group>";
		};
		99C790702F79CB8500860113 /* Products */ = {
			isa = PBXGroup;
			children = (
				99C7906F2F79CB8500860113 /* ChineseTranditionalCalendarUIExample.app */,
				99C7907C2F79CB8600860113 /* ChineseTranditionalCalendarUIExampleTests.xctest */,
				99C790862F79CB8600860113 /* ChineseTranditionalCalendarUIExampleUITests.xctest */,
			);
			name = Products;
			sourceTree = "<group>";
		};
/* End PBXGroup section */

/* Begin PBXNativeTarget section */
		99C7906E2F79CB8500860113 /* ChineseTranditionalCalendarUIExample */ = {
			isa = PBXNativeTarget;
			buildConfigurationList = 99C790902F79CB8600860113 /* Build configuration list for PBXNativeTarget "ChineseTranditionalCalendarUIExample" */;
			buildPhases = (
				99C7906B2F79CB8500860113 /* Sources */,
				99C7906C2F79CB8500860113 /* Frameworks */,
				99C7906D2F79CB8500860113 /* Resources */,
			);
			buildRules = (
			);
			dependencies = (
			);
			fileSystemSynchronizedGroups = (
				99C790712F79CB8500860113 /* ChineseTranditionalCalendarUIExample */,
			);
			name = ChineseTranditionalCalendarUIExample;
			packageProductDependencies = (
				99C790A12F79CC0100860113 /* ChineseTranditionalCalendarUI */,
			);
			productName = ChineseTranditionalCalendarUIExample;
			productReference = 99C7906F2F79CB8500860113 /* ChineseTranditionalCalendarUIExample.app */;
			productType = "com.apple.product-type.application";
		};
		99C7907B2F79CB8600860113 /* ChineseTranditionalCalendarUIExampleTests */ = {
			isa = PBXNativeTarget;
			buildConfigurationList = 99C790932F79CB8600860113 /* Build configuration list for PBXNativeTarget "ChineseTranditionalCalendarUIExampleTests" */;
			buildPhases = (
				99C790782F79CB8600860113 /* Sources */,
				99C790792F79CB8600860113 /* Frameworks */,
				99C7907A2F79CB8600860113 /* Resources */,
			);
			buildRules = (
			);
			dependencies = (
				99C7907E2F79CB8600860113 /* PBXTargetDependency */,
			);
			fileSystemSynchronizedGroups = (
				99C7907F2F79CB8600860113 /* ChineseTranditionalCalendarUIExampleTests */,
			);
			name = ChineseTranditionalCalendarUIExampleTests;
			packageProductDependencies = (
			);
			productName = ChineseTranditionalCalendarUIExampleTests;
			productReference = 99C7907C2F79CB8600860113 /* ChineseTranditionalCalendarUIExampleTests.xctest */;
			productType = "com.apple.product-type.bundle.unit-test";
		};
		99C790852F79CB8600860113 /* ChineseTranditionalCalendarUIExampleUITests */ = {
			isa = PBXNativeTarget;
			buildConfigurationList = 99C790962F79CB8600860113 /* Build configuration list for PBXNativeTarget "ChineseTranditionalCalendarUIExampleUITests" */;
			buildPhases = (
				99C790822F79CB8600860113 /* Sources */,
				99C790832F79CB8600860113 /* Frameworks */,
				99C790842F79CB8600860113 /* Resources */,
			);
			buildRules = (
			);
			dependencies = (
				99C790882F79CB8600860113 /* PBXTargetDependency */,
			);
			fileSystemSynchronizedGroups = (
				99C790892F79CB8600860113 /* ChineseTranditionalCalendarUIExampleUITests */,
			);
			name = ChineseTranditionalCalendarUIExampleUITests;
			packageProductDependencies = (
			);
			productName = ChineseTranditionalCalendarUIExampleUITests;
			productReference = 99C790862F79CB8600860113 /* ChineseTranditionalCalendarUIExampleUITests.xctest */;
			productType = "com.apple.product-type.bundle.ui-testing";
		};
/* End PBXNativeTarget section */

/* Begin PBXProject section */
		99C790672F79CB8500860113 /* Project object */ = {
			isa = PBXProject;
			attributes = {
				BuildIndependentTargetsInParallel = 1;
				LastSwiftUpdateCheck = 2630;
				LastUpgradeCheck = 2630;
				TargetAttributes = {
					99C7906E2F79CB8500860113 = {
						CreatedOnToolsVersion = 26.3;
					};
					99C7907B2F79CB8600860113 = {
						CreatedOnToolsVersion = 26.3;
						TestTargetID = 99C7906E2F79CB8500860113;
					};
					99C790852F79CB8600860113 = {
						CreatedOnToolsVersion = 26.3;
						TestTargetID = 99C7906E2F79CB8500860113;
					};
				};
			};
			buildConfigurationList = 99C7906A2F79CB8500860113 /* Build configuration list for PBXProject "ChineseTranditionalCalendarUIExample" */;
			developmentRegion = en;
			hasScannedForEncodings = 0;
			knownRegions = (
				en,
				Base,
			);
			mainGroup = 99C790662F79CB8500860113;
			minimizedProjectReferenceProxies = 1;
			preferredProjectObjectVersion = 77;
			packageReferences = (
				99C790A02F79CC0000860113 /* XCLocalSwiftPackageReference "../.." */,
			);
			productRefGroup = 99C790702F79CB8500860113 /* Products */;
			projectDirPath = "";
			projectRoot = "";
			targets = (
				99C7906E2F79CB8500860113 /* ChineseTranditionalCalendarUIExample */,
				99C7907B2F79CB8600860113 /* ChineseTranditionalCalendarUIExampleTests */,
				99C790852F79CB8600860113 /* ChineseTranditionalCalendarUIExampleUITests */,
			);
		};
/* End PBXProject section */

/* Begin PBXResourcesBuildPhase section */
		99C7906D2F79CB8500860113 /* Resources */ = {
			isa = PBXResourcesBuildPhase;
			buildActionMask = 2147483647;
			files = (
			);
			runOnlyForDeploymentPostprocessing = 0;
		};
		99C7907A2F79CB8600860113 /* Resources */ = {
			isa = PBXResourcesBuildPhase;
			buildActionMask = 2147483647;
			files = (
			);
			runOnlyForDeploymentPostprocessing = 0;
		};
		99C790842F79CB8600860113 /* Resources */ = {
			isa = PBXResourcesBuildPhase;
			buildActionMask = 2147483647;
			files = (
			);
			runOnlyForDeploymentPostprocessing = 0;
		};
/* End PBXResourcesBuildPhase section */

/* Begin PBXSourcesBuildPhase section */
		99C7906B2F79CB8500860113 /* Sources */ = {
			isa = PBXSourcesBuildPhase;
			buildActionMask = 2147483647;
			files = (
			);
			runOnlyForDeploymentPostprocessing = 0;
		};
		99C790782F79CB8600860113 /* Sources */ = {
			isa = PBXSourcesBuildPhase;
			buildActionMask = 2147483647;
			files = (
			);
			runOnlyForDeploymentPostprocessing = 0;
		};
		99C790822F79CB8600860113 /* Sources */ = {
			isa = PBXSourcesBuildPhase;
			buildActionMask = 2147483647;
			files = (
			);
			runOnlyForDeploymentPostprocessing = 0;
		};
/* End PBXSourcesBuildPhase section */

/* Begin PBXTargetDependency section */
		99C7907E2F79CB8600860113 /* PBXTargetDependency */ = {
			isa = PBXTargetDependency;
			target = 99C7906E2F79CB8500860113 /* ChineseTranditionalCalendarUIExample */;
			targetProxy = 99C7907D2F79CB8600860113 /* PBXContainerItemProxy */;
		};
		99C790882F79CB8600860113 /* PBXTargetDependency */ = {
			isa = PBXTargetDependency;
			target = 99C7906E2F79CB8500860113 /* ChineseTranditionalCalendarUIExample */;
			targetProxy = 99C790872F79CB8600860113 /* PBXContainerItemProxy */;
		};
/* End PBXTargetDependency section */

/* Begin XCBuildConfiguration section */
		99C7908E2F79CB8600860113 /* Debug */ = {
			isa = XCBuildConfiguration;
			buildSettings = {
				ALWAYS_SEARCH_USER_PATHS = NO;
				ASSETCATALOG_COMPILER_GENERATE_SWIFT_ASSET_SYMBOL_EXTENSIONS = YES;
				CLANG_ANALYZER_NONNULL = YES;
				CLANG_ANALYZER_NUMBER_OBJECT_CONVERSION = YES_AGGRESSIVE;
				CLANG_CXX_LANGUAGE_STANDARD = "gnu++20";
				CLANG_ENABLE_MODULES = YES;
				CLANG_ENABLE_OBJC_ARC = YES;
				CLANG_ENABLE_OBJC_WEAK = YES;
				CLANG_WARN_BLOCK_CAPTURE_AUTORELEASING = YES;
				CLANG_WARN_BOOL_CONVERSION = YES;
				CLANG_WARN_COMMA = YES;
				CLANG_WARN_CONSTANT_CONVERSION = YES;
				CLANG_WARN_DEPRECATED_OBJC_IMPLEMENTATIONS = YES;
				CLANG_WARN_DIRECT_OBJC_ISA_USAGE = YES_ERROR;
				CLANG_WARN_DOCUMENTATION_COMMENTS = YES;
				CLANG_WARN_EMPTY_BODY = YES;
				CLANG_WARN_ENUM_CONVERSION = YES;
				CLANG_WARN_INFINITE_RECURSION = YES;
				CLANG_WARN_INT_CONVERSION = YES;
				CLANG_WARN_NON_LITERAL_NULL_CONVERSION = YES;
				CLANG_WARN_OBJC_IMPLICIT_RETAIN_SELF = YES;
				CLANG_WARN_OBJC_LITERAL_CONVERSION = YES;
				CLANG_WARN_OBJC_ROOT_CLASS = YES_ERROR;
				CLANG_WARN_QUOTED_INCLUDE_IN_FRAMEWORK_HEADER = YES;
				CLANG_WARN_RANGE_LOOP_ANALYSIS = YES;
				CLANG_WARN_STRICT_PROTOTYPES = YES;
				CLANG_WARN_SUSPICIOUS_MOVE = YES;
				CLANG_WARN_UNGUARDED_AVAILABILITY = YES_AGGRESSIVE;
				CLANG_WARN_UNREACHABLE_CODE = YES;
				CLANG_WARN__DUPLICATE_METHOD_MATCH = YES;
				COPY_PHASE_STRIP = NO;
				DEBUG_INFORMATION_FORMAT = dwarf;
				DEVELOPMENT_TEAM = 46S3S784AR;
				ENABLE_STRICT_OBJC_MSGSEND = YES;
				ENABLE_TESTABILITY = YES;
				ENABLE_USER_SCRIPT_SANDBOXING = YES;
				GCC_C_LANGUAGE_STANDARD = gnu17;
				GCC_DYNAMIC_NO_PIC = NO;
				GCC_NO_COMMON_BLOCKS = YES;
				GCC_OPTIMIZATION_LEVEL = 0;
				GCC_PREPROCESSOR_DEFINITIONS = (
					"DEBUG=1",
					"$(inherited)",
				);
				GCC_WARN_64_TO_32_BIT_CONVERSION = YES;
				GCC_WARN_ABOUT_RETURN_TYPE = YES_ERROR;
				GCC_WARN_UNDECLARED_SELECTOR = YES;
				GCC_WARN_UNINITIALIZED_AUTOS = YES_AGGRESSIVE;
				GCC_WARN_UNUSED_FUNCTION = YES;
				GCC_WARN_UNUSED_VARIABLE = YES;
				LOCALIZATION_PREFERS_STRING_CATALOGS = YES;
				MTL_ENABLE_DEBUG_INFO = INCLUDE_SOURCE;
				MTL_FAST_MATH = YES;
				ONLY_ACTIVE_ARCH = YES;
				SWIFT_ACTIVE_COMPILATION_CONDITIONS = "DEBUG $(inherited)";
				SWIFT_OPTIMIZATION_LEVEL = "-Onone";
			};
			name = Debug;
		};
		99C7908F2F79CB8600860113 /* Release */ = {
			isa = XCBuildConfiguration;
			buildSettings = {
				ALWAYS_SEARCH_USER_PATHS = NO;
				ASSETCATALOG_COMPILER_GENERATE_SWIFT_ASSET_SYMBOL_EXTENSIONS = YES;
				CLANG_ANALYZER_NONNULL = YES;
				CLANG_ANALYZER_NUMBER_OBJECT_CONVERSION = YES_AGGRESSIVE;
				CLANG_CXX_LANGUAGE_STANDARD = "gnu++20";
				CLANG_ENABLE_MODULES = YES;
				CLANG_ENABLE_OBJC_ARC = YES;
				CLANG_ENABLE_OBJC_WEAK = YES;
				CLANG_WARN_BLOCK_CAPTURE_AUTORELEASING = YES;
				CLANG_WARN_BOOL_CONVERSION = YES;
				CLANG_WARN_COMMA = YES;
				CLANG_WARN_CONSTANT_CONVERSION = YES;
				CLANG_WARN_DEPRECATED_OBJC_IMPLEMENTATIONS = YES;
				CLANG_WARN_DIRECT_OBJC_ISA_USAGE = YES_ERROR;
				CLANG_WARN_DOCUMENTATION_COMMENTS = YES;
				CLANG_WARN_EMPTY_BODY = YES;
				CLANG_WARN_ENUM_CONVERSION = YES;
				CLANG_WARN_INFINITE_RECURSION = YES;
				CLANG_WARN_INT_CONVERSION = YES;
				CLANG_WARN_NON_LITERAL_NULL_CONVERSION = YES;
				CLANG_WARN_OBJC_IMPLICIT_RETAIN_SELF = YES;
				CLANG_WARN_OBJC_LITERAL_CONVERSION = YES;
				CLANG_WARN_OBJC_ROOT_CLASS = YES_ERROR;
				CLANG_WARN_QUOTED_INCLUDE_IN_FRAMEWORK_HEADER = YES;
				CLANG_WARN_RANGE_LOOP_ANALYSIS = YES;
				CLANG_WARN_STRICT_PROTOTYPES = YES;
				CLANG_WARN_SUSPICIOUS_MOVE = YES;
				CLANG_WARN_UNGUARDED_AVAILABILITY = YES_AGGRESSIVE;
				CLANG_WARN_UNREACHABLE_CODE = YES;
				CLANG_WARN__DUPLICATE_METHOD_MATCH = YES;
				COPY_PHASE_STRIP = NO;
				DEBUG_INFORMATION_FORMAT = "dwarf-with-dsym";
				DEVELOPMENT_TEAM = 46S3S784AR;
				ENABLE_NS_ASSERTIONS = NO;
				ENABLE_STRICT_OBJC_MSGSEND = YES;
				ENABLE_USER_SCRIPT_SANDBOXING = YES;
				GCC_C_LANGUAGE_STANDARD = gnu17;
				GCC_NO_COMMON_BLOCKS = YES;
				GCC_WARN_64_TO_32_BIT_CONVERSION = YES;
				GCC_WARN_ABOUT_RETURN_TYPE = YES_ERROR;
				GCC_WARN_UNDECLARED_SELECTOR = YES;
				GCC_WARN_UNINITIALIZED_AUTOS = YES_AGGRESSIVE;
				GCC_WARN_UNUSED_FUNCTION = YES;
				GCC_WARN_UNUSED_VARIABLE = YES;
				LOCALIZATION_PREFERS_STRING_CATALOGS = YES;
				MTL_ENABLE_DEBUG_INFO = NO;
				MTL_FAST_MATH = YES;
				SWIFT_COMPILATION_MODE = wholemodule;
			};
			name = Release;
		};
		99C790912F79CB8600860113 /* Debug */ = {
			isa = XCBuildConfiguration;
			buildSettings = {
				ASSETCATALOG_COMPILER_APPICON_NAME = AppIcon;
				ASSETCATALOG_COMPILER_GLOBAL_ACCENT_COLOR_NAME = AccentColor;
				CODE_SIGN_STYLE = Automatic;
				CURRENT_PROJECT_VERSION = 1;
				DEVELOPMENT_TEAM = 46S3S784AR;
				ENABLE_APP_SANDBOX = YES;
				ENABLE_HARDENED_RUNTIME = YES;
				ENABLE_PREVIEWS = YES;
				ENABLE_USER_SELECTED_FILES = readonly;
				GENERATE_INFOPLIST_FILE = YES;
				"INFOPLIST_KEY_UIApplicationSceneManifest_Generation[sdk=iphoneos*]" = YES;
				"INFOPLIST_KEY_UIApplicationSceneManifest_Generation[sdk=iphonesimulator*]" = YES;
				"INFOPLIST_KEY_UIApplicationSupportsIndirectInputEvents[sdk=iphoneos*]" = YES;
				"INFOPLIST_KEY_UIApplicationSupportsIndirectInputEvents[sdk=iphonesimulator*]" = YES;
				"INFOPLIST_KEY_UILaunchScreen_Generation[sdk=iphoneos*]" = YES;
				"INFOPLIST_KEY_UILaunchScreen_Generation[sdk=iphonesimulator*]" = YES;
				"INFOPLIST_KEY_UIStatusBarStyle[sdk=iphoneos*]" = UIStatusBarStyleDefault;
				"INFOPLIST_KEY_UIStatusBarStyle[sdk=iphonesimulator*]" = UIStatusBarStyleDefault;
				INFOPLIST_KEY_UISupportedInterfaceOrientations_iPad = "UIInterfaceOrientationPortrait UIInterfaceOrientationPortraitUpsideDown UIInterfaceOrientationLandscapeLeft UIInterfaceOrientationLandscapeRight";
				INFOPLIST_KEY_UISupportedInterfaceOrientations_iPhone = "UIInterfaceOrientationPortrait UIInterfaceOrientationLandscapeLeft UIInterfaceOrientationLandscapeRight";
				IPHONEOS_DEPLOYMENT_TARGET = 26.2;
				LD_RUNPATH_SEARCH_PATHS = "@executable_path/Frameworks";
				"LD_RUNPATH_SEARCH_PATHS[sdk=macosx*]" = "@executable_path/../Frameworks";
				MACOSX_DEPLOYMENT_TARGET = 26.2;
				MARKETING_VERSION = 1.0;
				PRODUCT_BUNDLE_IDENTIFIER = com.uriphium.ChineseTranditionalCalendarUIExample;
				PRODUCT_NAME = "$(TARGET_NAME)";
				REGISTER_APP_GROUPS = YES;
				SDKROOT = auto;
				STRING_CATALOG_GENERATE_SYMBOLS = YES;
				SUPPORTED_PLATFORMS = "iphoneos iphonesimulator macosx xros xrsimulator";
				SWIFT_APPROACHABLE_CONCURRENCY = YES;
				SWIFT_DEFAULT_ACTOR_ISOLATION = MainActor;
				SWIFT_EMIT_LOC_STRINGS = YES;
				SWIFT_UPCOMING_FEATURE_MEMBER_IMPORT_VISIBILITY = YES;
				SWIFT_VERSION = 5.0;
				TARGETED_DEVICE_FAMILY = "1,2,7";
				XROS_DEPLOYMENT_TARGET = 26.2;
			};
			name = Debug;
		};
		99C790922F79CB8600860113 /* Release */ = {
			isa = XCBuildConfiguration;
			buildSettings = {
				ASSETCATALOG_COMPILER_APPICON_NAME = AppIcon;
				ASSETCATALOG_COMPILER_GLOBAL_ACCENT_COLOR_NAME = AccentColor;
				CODE_SIGN_STYLE = Automatic;
				CURRENT_PROJECT_VERSION = 1;
				DEVELOPMENT_TEAM = 46S3S784AR;
				ENABLE_APP_SANDBOX = YES;
				ENABLE_HARDENED_RUNTIME = YES;
				ENABLE_PREVIEWS = YES;
				ENABLE_USER_SELECTED_FILES = readonly;
				GENERATE_INFOPLIST_FILE = YES;
				"INFOPLIST_KEY_UIApplicationSceneManifest_Generation[sdk=iphoneos*]" = YES;
				"INFOPLIST_KEY_UIApplicationSceneManifest_Generation[sdk=iphonesimulator*]" = YES;
				"INFOPLIST_KEY_UIApplicationSupportsIndirectInputEvents[sdk=iphoneos*]" = YES;
				"INFOPLIST_KEY_UIApplicationSupportsIndirectInputEvents[sdk=iphonesimulator*]" = YES;
				"INFOPLIST_KEY_UILaunchScreen_Generation[sdk=iphoneos*]" = YES;
				"INFOPLIST_KEY_UILaunchScreen_Generation[sdk=iphonesimulator*]" = YES;
				"INFOPLIST_KEY_UIStatusBarStyle[sdk=iphoneos*]" = UIStatusBarStyleDefault;
				"INFOPLIST_KEY_UIStatusBarStyle[sdk=iphonesimulator*]" = UIStatusBarStyleDefault;
				INFOPLIST_KEY_UISupportedInterfaceOrientations_iPad = "UIInterfaceOrientationPortrait UIInterfaceOrientationPortraitUpsideDown UIInterfaceOrientationLandscapeLeft UIInterfaceOrientationLandscapeRight";
				INFOPLIST_KEY_UISupportedInterfaceOrientations_iPhone = "UIInterfaceOrientationPortrait UIInterfaceOrientationLandscapeLeft UIInterfaceOrientationLandscapeRight";
				IPHONEOS_DEPLOYMENT_TARGET = 26.2;
				LD_RUNPATH_SEARCH_PATHS = "@executable_path/Frameworks";
				"LD_RUNPATH_SEARCH_PATHS[sdk=macosx*]" = "@executable_path/../Frameworks";
				MACOSX_DEPLOYMENT_TARGET = 26.2;
				MARKETING_VERSION = 1.0;
				PRODUCT_BUNDLE_IDENTIFIER = com.uriphium.ChineseTranditionalCalendarUIExample;
				PRODUCT_NAME = "$(TARGET_NAME)";
				REGISTER_APP_GROUPS = YES;
				SDKROOT = auto;
				STRING_CATALOG_GENERATE_SYMBOLS = YES;
				SUPPORTED_PLATFORMS = "iphoneos iphonesimulator macosx xros xrsimulator";
				SWIFT_APPROACHABLE_CONCURRENCY = YES;
				SWIFT_DEFAULT_ACTOR_ISOLATION = MainActor;
				SWIFT_EMIT_LOC_STRINGS = YES;
				SWIFT_UPCOMING_FEATURE_MEMBER_IMPORT_VISIBILITY = YES;
				SWIFT_VERSION = 5.0;
				TARGETED_DEVICE_FAMILY = "1,2,7";
				XROS_DEPLOYMENT_TARGET = 26.2;
			};
			name = Release;
		};
		99C790942F79CB8600860113 /* Debug */ = {
			isa = XCBuildConfiguration;
			buildSettings = {
				BUNDLE_LOADER = "$(TEST_HOST)";
				CODE_SIGN_STYLE = Automatic;
				CURRENT_PROJECT_VERSION = 1;
				DEVELOPMENT_TEAM = 46S3S784AR;
				GENERATE_INFOPLIST_FILE = YES;
				IPHONEOS_DEPLOYMENT_TARGET = 26.2;
				MACOSX_DEPLOYMENT_TARGET = 26.2;
				MARKETING_VERSION = 1.0;
				PRODUCT_BUNDLE_IDENTIFIER = com.uriphium.ChineseTranditionalCalendarUIExampleTests;
				PRODUCT_NAME = "$(TARGET_NAME)";
				SDKROOT = auto;
				STRING_CATALOG_GENERATE_SYMBOLS = NO;
				SUPPORTED_PLATFORMS = "iphoneos iphonesimulator macosx xros xrsimulator";
				SWIFT_APPROACHABLE_CONCURRENCY = YES;
				SWIFT_EMIT_LOC_STRINGS = NO;
				SWIFT_UPCOMING_FEATURE_MEMBER_IMPORT_VISIBILITY = YES;
				SWIFT_VERSION = 5.0;
				TARGETED_DEVICE_FAMILY = "1,2,7";
				TEST_HOST = "$(BUILT_PRODUCTS_DIR)/ChineseTranditionalCalendarUIExample.app/$(BUNDLE_EXECUTABLE_FOLDER_PATH)/ChineseTranditionalCalendarUIExample";
				XROS_DEPLOYMENT_TARGET = 26.2;
			};
			name = Debug;
		};
		99C790952F79CB8600860113 /* Release */ = {
			isa = XCBuildConfiguration;
			buildSettings = {
				BUNDLE_LOADER = "$(TEST_HOST)";
				CODE_SIGN_STYLE = Automatic;
				CURRENT_PROJECT_VERSION = 1;
				DEVELOPMENT_TEAM = 46S3S784AR;
				GENERATE_INFOPLIST_FILE = YES;
				IPHONEOS_DEPLOYMENT_TARGET = 26.2;
				MACOSX_DEPLOYMENT_TARGET = 26.2;
				MARKETING_VERSION = 1.0;
				PRODUCT_BUNDLE_IDENTIFIER = com.uriphium.ChineseTranditionalCalendarUIExampleTests;
				PRODUCT_NAME = "$(TARGET_NAME)";
				SDKROOT = auto;
				STRING_CATALOG_GENERATE_SYMBOLS = NO;
				SUPPORTED_PLATFORMS = "iphoneos iphonesimulator macosx xros xrsimulator";
				SWIFT_APPROACHABLE_CONCURRENCY = YES;
				SWIFT_EMIT_LOC_STRINGS = NO;
				SWIFT_UPCOMING_FEATURE_MEMBER_IMPORT_VISIBILITY = YES;
				SWIFT_VERSION = 5.0;
				TARGETED_DEVICE_FAMILY = "1,2,7";
				TEST_HOST = "$(BUILT_PRODUCTS_DIR)/ChineseTranditionalCalendarUIExample.app/$(BUNDLE_EXECUTABLE_FOLDER_PATH)/ChineseTranditionalCalendarUIExample";
				XROS_DEPLOYMENT_TARGET = 26.2;
			};
			name = Release;
		};
		99C790972F79CB8600860113 /* Debug */ = {
			isa = XCBuildConfiguration;
			buildSettings = {
				CODE_SIGN_STYLE = Automatic;
				CURRENT_PROJECT_VERSION = 1;
				DEVELOPMENT_TEAM = 46S3S784AR;
				GENERATE_INFOPLIST_FILE = YES;
				IPHONEOS_DEPLOYMENT_TARGET = 26.2;
				MACOSX_DEPLOYMENT_TARGET = 26.2;
				MARKETING_VERSION = 1.0;
				PRODUCT_BUNDLE_IDENTIFIER = com.uriphium.ChineseTranditionalCalendarUIExampleUITests;
				PRODUCT_NAME = "$(TARGET_NAME)";
				SDKROOT = auto;
				STRING_CATALOG_GENERATE_SYMBOLS = NO;
				SUPPORTED_PLATFORMS = "iphoneos iphonesimulator macosx xros xrsimulator";
				SWIFT_APPROACHABLE_CONCURRENCY = YES;
				SWIFT_EMIT_LOC_STRINGS = NO;
				SWIFT_UPCOMING_FEATURE_MEMBER_IMPORT_VISIBILITY = YES;
				SWIFT_VERSION = 5.0;
				TARGETED_DEVICE_FAMILY = "1,2,7";
				TEST_TARGET_NAME = ChineseTranditionalCalendarUIExample;
				XROS_DEPLOYMENT_TARGET = 26.2;
			};
			name = Debug;
		};
		99C790982F79CB8600860113 /* Release */ = {
			isa = XCBuildConfiguration;
			buildSettings = {
				CODE_SIGN_STYLE = Automatic;
				CURRENT_PROJECT_VERSION = 1;
				DEVELOPMENT_TEAM = 46S3S784AR;
				GENERATE_INFOPLIST_FILE = YES;
				IPHONEOS_DEPLOYMENT_TARGET = 26.2;
				MACOSX_DEPLOYMENT_TARGET = 26.2;
				MARKETING_VERSION = 1.0;
				PRODUCT_BUNDLE_IDENTIFIER = com.uriphium.ChineseTranditionalCalendarUIExampleUITests;
				PRODUCT_NAME = "$(TARGET_NAME)";
				SDKROOT = auto;
				STRING_CATALOG_GENERATE_SYMBOLS = NO;
				SUPPORTED_PLATFORMS = "iphoneos iphonesimulator macosx xros xrsimulator";
				SWIFT_APPROACHABLE_CONCURRENCY = YES;
				SWIFT_EMIT_LOC_STRINGS = NO;
				SWIFT_UPCOMING_FEATURE_MEMBER_IMPORT_VISIBILITY = YES;
				SWIFT_VERSION = 5.0;
				TARGETED_DEVICE_FAMILY = "1,2,7";
				TEST_TARGET_NAME = ChineseTranditionalCalendarUIExample;
				XROS_DEPLOYMENT_TARGET = 26.2;
			};
			name = Release;
		};
/* End XCBuildConfiguration section */

/* Begin XCConfigurationList section */
		99C7906A2F79CB8500860113 /* Build configuration list for PBXProject "ChineseTranditionalCalendarUIExample" */ = {
			isa = XCConfigurationList;
			buildConfigurations = (
				99C7908E2F79CB8600860113 /* Debug */,
				99C7908F2F79CB8600860113 /* Release */,
			);
			defaultConfigurationIsVisible = 0;
			defaultConfigurationName = Release;
		};
		99C790902F79CB8600860113 /* Build configuration list for PBXNativeTarget "ChineseTranditionalCalendarUIExample" */ = {
			isa = XCConfigurationList;
			buildConfigurations = (
				99C790912F79CB8600860113 /* Debug */,
				99C790922F79CB8600860113 /* Release */,
			);
			defaultConfigurationIsVisible = 0;
			defaultConfigurationName = Release;
		};
		99C790932F79CB8600860113 /* Build configuration list for PBXNativeTarget "ChineseTranditionalCalendarUIExampleTests" */ = {
			isa = XCConfigurationList;
			buildConfigurations = (
				99C790942F79CB8600860113 /* Debug */,
				99C790952F79CB8600860113 /* Release */,
			);
			defaultConfigurationIsVisible = 0;
			defaultConfigurationName = Release;
		};
		99C790962F79CB8600860113 /* Build configuration list for PBXNativeTarget "ChineseTranditionalCalendarUIExampleUITests" */ = {
			isa = XCConfigurationList;
			buildConfigurations = (
				99C790972F79CB8600860113 /* Debug */,
				99C790982F79CB8600860113 /* Release */,
			);
			defaultConfigurationIsVisible = 0;
			defaultConfigurationName = Release;
		};
/* End XCConfigurationList section */

/* Begin XCLocalSwiftPackageReference section */
		99C790A02F79CC0000860113 /* XCLocalSwiftPackageReference "../.." */ = {
			isa = XCLocalSwiftPackageReference;
			relativePath = "../..";
		};
/* End XCLocalSwiftPackageReference section */

/* Begin XCSwiftPackageProductDependency section */
		99C790A12F79CC0100860113 /* ChineseTranditionalCalendarUI */ = {
			isa = XCSwiftPackageProductDependency;
			productName = ChineseTranditionalCalendarUI;
		};
/* End XCSwiftPackageProductDependency section */
	};
	rootObject = 99C790672F79CB8500860113 /* Project object */;
}
